
Microsoft Visual Studio Solution File, Format Version 12.00
# Visual Studio Version 17
VisualStudioVersion = 17.7.34221.43
MinimumVisualStudioVersion = 10.0.40219.1
Project("{FAE04EC0-301F-11D3-BF4B-00C04F79EFBC}") = "Dobor ballov", "Dobor ballov\Dobor ballov.csproj", "{479F78F5-389A-41E5-9283-9489CB207691}"
EndProject
Global
	GlobalSection(SolutionConfigurationPlatforms) = preSolution
		Debug|Any CPU = Debug|Any CPU
		Release|Any CPU = Release|Any CPU
	EndGlobalSection
	GlobalSection(ProjectConfigurationPlatforms) = postSolution
		{479F78F5-389A-41E5-9283-9489CB207691}.Debug|Any CPU.ActiveCfg = Debug|Any CPU
		{479F78F5-389A-41E5-9283-9489CB207691}.Debug|Any CPU.Build.0 = Debug|Any CPU
		{479F78F5-389A-41E5-9283-9489CB207691}.Release|Any CPU.ActiveCfg = Release|Any CPU
		{479F78F5-389A-41E5-9283-9489CB207691}.Release|Any CPU.Build.0 = Release|Any CPU
	EndGlobalSection
	GlobalSection(SolutionProperties) = preSolution
		HideSolutionNode = FALSE
	EndGlobalSection
	GlobalSection(ExtensibilityGlobals) = postSolution
		SolutionGuid = {6DA69FB5-564D-4AE3-AF16-19059C04A5A3}
	EndGlobalSection
EndGlobal
